
Microsoft Visual Studio Solution File, Format Version 12.00
Project("{FAE04EC0-301F-11D3-BF4B-00C04F79EFBC}") = "Application", "Application\Application.csproj", "{A20614D0-629E-4DE0-BD6E-70059960DCC5}"
EndProject
Project("{FAE04EC0-301F-11D3-BF4B-00C04F79EFBC}") = "Web", "Web\Web.csproj", "{ABB64743-A019-497C-9B4B-F1892FDDEF2D}"
EndProject
Project("{FAE04EC0-301F-11D3-BF4B-00C04F79EFBC}") = "Data", "Data\Data.csproj", "{D87DFAEE-86FE-4BD1-9ED6-43BCAC6A2EE4}"
EndProject
Project("{FAE04EC0-301F-11D3-BF4B-00C04F79EFBC}") = "UnitTests", "UnitTests\UnitTests.csproj", "{DA752092-C227-4F9B-AE57-2132489AA563}"
EndProject
Project("{2150E333-8FDC-42A3-9474-1A3956D46DE8}") = "Tests", "Tests", "{D55E43E7-0592-4B73-B46D-324F04BF25B6}"
EndProject
Project("{2150E333-8FDC-42A3-9474-1A3956D46DE8}") = "App", "App", "{32B07FBA-2194-477D-AF34-A83F41205334}"
EndProject
Global
	GlobalSection(SolutionConfigurationPlatforms) = preSolution
		Debug|Any CPU = Debug|Any CPU
		Release|Any CPU = Release|Any CPU
	EndGlobalSection
	GlobalSection(ProjectConfigurationPlatforms) = postSolution
		{A20614D0-629E-4DE0-BD6E-70059960DCC5}.Debug|Any CPU.ActiveCfg = Debug|Any CPU
		{A20614D0-629E-4DE0-BD6E-70059960DCC5}.Debug|Any CPU.Build.0 = Debug|Any CPU
		{A20614D0-629E-4DE0-BD6E-70059960DCC5}.Release|Any CPU.ActiveCfg = Release|Any CPU
		{A20614D0-629E-4DE0-BD6E-70059960DCC5}.Release|Any CPU.Build.0 = Release|Any CPU
		{ABB64743-A019-497C-9B4B-F1892FDDEF2D}.Debug|Any CPU.ActiveCfg = Debug|Any CPU
		{ABB64743-A019-497C-9B4B-F1892FDDEF2D}.Debug|Any CPU.Build.0 = Debug|Any CPU
		{ABB64743-A019-497C-9B4B-F1892FDDEF2D}.Release|Any CPU.ActiveCfg = Release|Any CPU
		{ABB64743-A019-497C-9B4B-F1892FDDEF2D}.Release|Any CPU.Build.0 = Release|Any CPU
		{D87DFAEE-86FE-4BD1-9ED6-43BCAC6A2EE4}.Debug|Any CPU.ActiveCfg = Debug|Any CPU
		{D87DFAEE-86FE-4BD1-9ED6-43BCAC6A2EE4}.Debug|Any CPU.Build.0 = Debug|Any CPU
		{D87DFAEE-86FE-4BD1-9ED6-43BCAC6A2EE4}.Release|Any CPU.ActiveCfg = Release|Any CPU
		{D87DFAEE-86FE-4BD1-9ED6-43BCAC6A2EE4}.Release|Any CPU.Build.0 = Release|Any CPU
		{DA752092-C227-4F9B-AE57-2132489AA563}.Debug|Any CPU.ActiveCfg = Debug|Any CPU
		{DA752092-C227-4F9B-AE57-2132489AA563}.Debug|Any CPU.Build.0 = Debug|Any CPU
		{DA752092-C227-4F9B-AE57-2132489AA563}.Release|Any CPU.ActiveCfg = Release|Any CPU
		{DA752092-C227-4F9B-AE57-2132489AA563}.Release|Any CPU.Build.0 = Release|Any CPU
	EndGlobalSection
	GlobalSection(NestedProjects) = preSolution
		{DA752092-C227-4F9B-AE57-2132489AA563} = {D55E43E7-0592-4B73-B46D-324F04BF25B6}
		{A20614D0-629E-4DE0-BD6E-70059960DCC5} = {32B07FBA-2194-477D-AF34-A83F41205334}
		{D87DFAEE-86FE-4BD1-9ED6-43BCAC6A2EE4} = {32B07FBA-2194-477D-AF34-A83F41205334}
		{ABB64743-A019-497C-9B4B-F1892FDDEF2D} = {32B07FBA-2194-477D-AF34-A83F41205334}
	EndGlobalSection
EndGlobal
